PODS:
  - Alamofire (5.8.1)
  - CombineCocoa (0.4.1)
  - Kingfisher (7.10.2)
  - SnapKit (5.6.0)

DEPENDENCIES:
  - Alamofire
  - CombineCocoa
  - Kingfisher (~> 7.0)
  - SnapKit (~> 5.6.0)

SPEC REPOS:
  trunk:
    - Alamofire
    - CombineCocoa
    - Kingfisher
    - SnapKit

SPEC CHECKSUMS:
  Alamofire: 3ca42e259043ee0dc5c0cdd76c4bc568b8e42af7
  CombineCocoa: e5210dbfb480ff251078929459ac17e750e7af1d
  Kingfisher: 99edc495d3b7607e6425f0d6f6847b2abd6d716d
  SnapKit: e01d52ebb8ddbc333eefe2132acf85c8227d9c25

PODFILE CHECKSUM: 37a29b55389e670c784a30ef4233694478b107e6

COCOAPODS: 1.13.0
