// !$*UTF8*$!
{
	archiveVersion = 1;
	classes = {
	};
	objectVersion = 56;
	objects = {

/* Begin PBXBuildFile section */
		1773473A989E1BDE1578B14F /* Pods_Animals.framework in Frameworks */ = {isa = PBXBuildFile; fileRef = E52809C62811678E4A9CEBBB /* Pods_Animals.framework */; };
		F2137FBC2B58DC77000EA734 /* FavoriteVC.swift in Sources */ = {isa = PBXBuildFile; fileRef = F2137FBB2B58DC77000EA734 /* FavoriteVC.swift */; };
		F2137FBE2B58DC7E000EA734 /* FavoriteVM.swift in Sources */ = {isa = PBXBuildFile; fileRef = F2137FBD2B58DC7E000EA734 /* FavoriteVM.swift */; };
		F2137FC12B58F920000EA734 /* FavoriteRepository.swift in Sources */ = {isa = PBXBuildFile; fileRef = F2137FC02B58F920000EA734 /* FavoriteRepository.swift */; };
		F2137FEA2B58FF30000EA734 /* FavoriteUseCase.swift in Sources */ = {isa = PBXBuildFile; fileRef = F2137FE92B58FF30000EA734 /* FavoriteUseCase.swift */; };
		F2137FFF2B597B38000EA734 /* ImageCoreDataEntity+CoreDataClass.swift in Sources */ = {isa = PBXBuildFile; fileRef = F2137FFB2B597B38000EA734 /* ImageCoreDataEntity+CoreDataClass.swift */; };
		F21380002B597B38000EA734 /* ImageCoreData.xcdatamodeld in Sources */ = {isa = PBXBuildFile; fileRef = F2137FFC2B597B38000EA734 /* ImageCoreData.xcdatamodeld */; };
		F21380012B597B38000EA734 /* ImageCoreDataEntity+CoreDataProperties.swift in Sources */ = {isa = PBXBuildFile; fileRef = F2137FFE2B597B38000EA734 /* ImageCoreDataEntity+CoreDataProperties.swift */; };
		F21380032B597DB2000EA734 /* HomeTests.swift in Sources */ = {isa = PBXBuildFile; fileRef = F21380022B597DB2000EA734 /* HomeTests.swift */; };
		F21380062B5983A2000EA734 /* HomeUseCaseMock.swift in Sources */ = {isa = PBXBuildFile; fileRef = F21380052B5983A2000EA734 /* HomeUseCaseMock.swift */; };
		F21380082B598BEE000EA734 /* XCTestCase+Wait.swift in Sources */ = {isa = PBXBuildFile; fileRef = F21380072B598BEE000EA734 /* XCTestCase+Wait.swift */; };
		F2B474D02B55AA8600EBC356 /* AppDelegate.swift in Sources */ = {isa = PBXBuildFile; fileRef = F2B474CF2B55AA8600EBC356 /* AppDelegate.swift */; };
		F2B474D22B55AA8600EBC356 /* SceneDelegate.swift in Sources */ = {isa = PBXBuildFile; fileRef = F2B474D12B55AA8600EBC356 /* SceneDelegate.swift */; };
		F2B474DC2B55AA8800EBC356 /* Assets.xcassets in Resources */ = {isa = PBXBuildFile; fileRef = F2B474DB2B55AA8800EBC356 /* Assets.xcassets */; };
		F2B474DF2B55AA8800EBC356 /* LaunchScreen.storyboard in Resources */ = {isa = PBXBuildFile; fileRef = F2B474DD2B55AA8800EBC356 /* LaunchScreen.storyboard */; };
		F2B474F32B55ACA900EBC356 /* HomeVC.swift in Sources */ = {isa = PBXBuildFile; fileRef = F2B474F22B55ACA900EBC356 /* HomeVC.swift */; };
		F2B474F52B55ACB500EBC356 /* HomeVM.swift in Sources */ = {isa = PBXBuildFile; fileRef = F2B474F42B55ACB500EBC356 /* HomeVM.swift */; };
		F2B474F82B55ADD600EBC356 /* Combine+CancelBag.swift in Sources */ = {isa = PBXBuildFile; fileRef = F2B474F72B55ADD600EBC356 /* Combine+CancelBag.swift */; };
		F2B474FA2B55AE1100EBC356 /* NSObject+Identifier.swift in Sources */ = {isa = PBXBuildFile; fileRef = F2B474F92B55AE1100EBC356 /* NSObject+Identifier.swift */; };
		F2B474FC2B55AE3000EBC356 /* UIApplication+TopMostViewController.swift in Sources */ = {isa = PBXBuildFile; fileRef = F2B474FB2B55AE3000EBC356 /* UIApplication+TopMostViewController.swift */; };
		F2B474FF2B55B7D000EBC356 /* TabBarController.swift in Sources */ = {isa = PBXBuildFile; fileRef = F2B474FE2B55B7D000EBC356 /* TabBarController.swift */; };
		F2B475012B55B96700EBC356 /* UIColor+Ext.swift in Sources */ = {isa = PBXBuildFile; fileRef = F2B475002B55B96700EBC356 /* UIColor+Ext.swift */; };
		F2B475042B564A8A00EBC356 /* HomeContentCell.swift in Sources */ = {isa = PBXBuildFile; fileRef = F2B475032B564A8A00EBC356 /* HomeContentCell.swift */; };
		F2B475072B564D9800EBC356 /* HomeContent.swift in Sources */ = {isa = PBXBuildFile; fileRef = F2B475062B564D9800EBC356 /* HomeContent.swift */; };
		F2B4750B2B56571000EBC356 /* UICollectionView+TwoColumnLayout.swift in Sources */ = {isa = PBXBuildFile; fileRef = F2B4750A2B56571000EBC356 /* UICollectionView+TwoColumnLayout.swift */; };
		F2B475342B569EF800EBC356 /* Networking.framework in Frameworks */ = {isa = PBXBuildFile; fileRef = F2B475332B569EF800EBC356 /* Networking.framework */; };
		F2B475352B569EF800EBC356 /* Networking.framework in Embed Frameworks */ = {isa = PBXBuildFile; fileRef = F2B475332B569EF800EBC356 /* Networking.framework */; settings = {ATTRIBUTES = (CodeSignOnCopy, RemoveHeadersOnCopy, ); }; };
		F2B475402B569FF500EBC356 /* AnimalRequest.swift in Sources */ = {isa = PBXBuildFile; fileRef = F2B4753F2B569FF500EBC356 /* AnimalRequest.swift */; };
		F2B475432B56A07E00EBC356 /* NetworkConfiguration.swift in Sources */ = {isa = PBXBuildFile; fileRef = F2B475422B56A07E00EBC356 /* NetworkConfiguration.swift */; };
		F2B475482B56A24300EBC356 /* AnimalResponse.swift in Sources */ = {isa = PBXBuildFile; fileRef = F2B475472B56A24300EBC356 /* AnimalResponse.swift */; };
		F2B4754C2B56A54800EBC356 /* AnimalRepository.swift in Sources */ = {isa = PBXBuildFile; fileRef = F2B4754B2B56A54800EBC356 /* AnimalRepository.swift */; };
		F2B4754F2B56A66300EBC356 /* HomeUseCase.swift in Sources */ = {isa = PBXBuildFile; fileRef = F2B4754E2B56A66300EBC356 /* HomeUseCase.swift */; };
		F2B475512B56AA1D00EBC356 /* ImageRepository.swift in Sources */ = {isa = PBXBuildFile; fileRef = F2B475502B56AA1D00EBC356 /* ImageRepository.swift */; };
		F2B475532B56AA8A00EBC356 /* ImageResponse.swift in Sources */ = {isa = PBXBuildFile; fileRef = F2B475522B56AA8A00EBC356 /* ImageResponse.swift */; };
		F2B475552B56AB6C00EBC356 /* ImageRequest.swift in Sources */ = {isa = PBXBuildFile; fileRef = F2B475542B56AB6C00EBC356 /* ImageRequest.swift */; };
		F2B475572B56AC4B00EBC356 /* Image.swift in Sources */ = {isa = PBXBuildFile; fileRef = F2B475562B56AC4B00EBC356 /* Image.swift */; };
		F2B4755A2B56C72100EBC356 /* DetailVC.swift in Sources */ = {isa = PBXBuildFile; fileRef = F2B475592B56C72100EBC356 /* DetailVC.swift */; };
		F2B4755C2B56C72700EBC356 /* DetailVM.swift in Sources */ = {isa = PBXBuildFile; fileRef = F2B4755B2B56C72700EBC356 /* DetailVM.swift */; };
		F2B475612B577C0B00EBC356 /* DetailUseCase.swift in Sources */ = {isa = PBXBuildFile; fileRef = F2B475602B577C0B00EBC356 /* DetailUseCase.swift */; };
		F2B475642B577EDE00EBC356 /* ImagesRequest.swift in Sources */ = {isa = PBXBuildFile; fileRef = F2B475632B577EDE00EBC356 /* ImagesRequest.swift */; };
		F2B475672B57839F00EBC356 /* DetailContentCell.swift in Sources */ = {isa = PBXBuildFile; fileRef = F2B475662B57839F00EBC356 /* DetailContentCell.swift */; };
/* End PBXBuildFile section */

/* Begin PBXContainerItemProxy section */
		F2137FF52B597A4F000EA734 /* PBXContainerItemProxy */ = {
			isa = PBXContainerItemProxy;
			containerPortal = F2B474C42B55AA8600EBC356 /* Project object */;
			proxyType = 1;
			remoteGlobalIDString = F2B474CB2B55AA8600EBC356;
			remoteInfo = Animals;
		};
/* End PBXContainerItemProxy section */

/* Begin PBXCopyFilesBuildPhase section */
		F2B4751E2B569CEF00EBC356 /* Embed Frameworks */ = {
			isa = PBXCopyFilesBuildPhase;
			buildActionMask = 2147483647;
			dstPath = "";
			dstSubfolderSpec = 10;
			files = (
				F2B475352B569EF800EBC356 /* Networking.framework in Embed Frameworks */,
			);
			name = "Embed Frameworks";
			runOnlyForDeploymentPostprocessing = 0;
		};
/* End PBXCopyFilesBuildPhase section */

/* Begin PBXFileReference section */
		34D8812FD3CD1318A5E09E9B /* Pods-Animals.debug.xcconfig */ = {isa = PBXFileReference; includeInIndex = 1; lastKnownFileType = text.xcconfig; name = "Pods-Animals.debug.xcconfig"; path = "Target Support Files/Pods-Animals/Pods-Animals.debug.xcconfig"; sourceTree = "<group>"; };
		7B5CFFEF83F518C67BACE525 /* Pods-Animals.release.xcconfig */ = {isa = PBXFileReference; includeInIndex = 1; lastKnownFileType = text.xcconfig; name = "Pods-Animals.release.xcconfig"; path = "Target Support Files/Pods-Animals/Pods-Animals.release.xcconfig"; sourceTree = "<group>"; };
		E52809C62811678E4A9CEBBB /* Pods_Animals.framework */ = {isa = PBXFileReference; explicitFileType = wrapper.framework; includeInIndex = 0; path = Pods_Animals.framework; sourceTree = BUILT_PRODUCTS_DIR; };
		F2137FBB2B58DC77000EA734 /* FavoriteVC.swift */ = {isa = PBXFileReference; lastKnownFileType = sourcecode.swift; path = FavoriteVC.swift; sourceTree = "<group>"; };
		F2137FBD2B58DC7E000EA734 /* FavoriteVM.swift */ = {isa = PBXFileReference; lastKnownFileType = sourcecode.swift; path = FavoriteVM.swift; sourceTree = "<group>"; };
		F2137FC02B58F920000EA734 /* FavoriteRepository.swift */ = {isa = PBXFileReference; lastKnownFileType = sourcecode.swift; path = FavoriteRepository.swift; sourceTree = "<group>"; };
		F2137FE92B58FF30000EA734 /* FavoriteUseCase.swift */ = {isa = PBXFileReference; lastKnownFileType = sourcecode.swift; path = FavoriteUseCase.swift; sourceTree = "<group>"; };
		F2137FF12B597A4F000EA734 /* AnimalsTests.xctest */ = {isa = PBXFileReference; explicitFileType = wrapper.cfbundle; includeInIndex = 0; path = AnimalsTests.xctest; sourceTree = BUILT_PRODUCTS_DIR; };
		F2137FFB2B597B38000EA734 /* ImageCoreDataEntity+CoreDataClass.swift */ = {isa = PBXFileReference; fileEncoding = 4; lastKnownFileType = sourcecode.swift; path = "ImageCoreDataEntity+CoreDataClass.swift"; sourceTree = "<group>"; };
		F2137FFD2B597B38000EA734 /* ImageCoreData.xcdatamodel */ = {isa = PBXFileReference; lastKnownFileType = wrapper.xcdatamodel; path = ImageCoreData.xcdatamodel; sourceTree = "<group>"; };
		F2137FFE2B597B38000EA734 /* ImageCoreDataEntity+CoreDataProperties.swift */ = {isa = PBXFileReference; fileEncoding = 4; lastKnownFileType = sourcecode.swift; path = "ImageCoreDataEntity+CoreDataProperties.swift"; sourceTree = "<group>"; };
		F21380022B597DB2000EA734 /* HomeTests.swift */ = {isa = PBXFileReference; lastKnownFileType = sourcecode.swift; path = HomeTests.swift; sourceTree = "<group>"; };
		F21380052B5983A2000EA734 /* HomeUseCaseMock.swift */ = {isa = PBXFileReference; lastKnownFileType = sourcecode.swift; path = HomeUseCaseMock.swift; sourceTree = "<group>"; };
		F21380072B598BEE000EA734 /* XCTestCase+Wait.swift */ = {isa = PBXFileReference; lastKnownFileType = sourcecode.swift; path = "XCTestCase+Wait.swift"; sourceTree = "<group>"; };
		F2B474CC2B55AA8600EBC356 /* Animals.app */ = {isa = PBXFileReference; explicitFileType = wrapper.application; includeInIndex = 0; path = Animals.app; sourceTree = BUILT_PRODUCTS_DIR; };
		F2B474CF2B55AA8600EBC356 /* AppDelegate.swift */ = {isa = PBXFileReference; lastKnownFileType = sourcecode.swift; path = AppDelegate.swift; sourceTree = "<group>"; };
		F2B474D12B55AA8600EBC356 /* SceneDelegate.swift */ = {isa = PBXFileReference; lastKnownFileType = sourcecode.swift; path = SceneDelegate.swift; sourceTree = "<group>"; };
		F2B474DB2B55AA8800EBC356 /* Assets.xcassets */ = {isa = PBXFileReference; lastKnownFileType = folder.assetcatalog; path = Assets.xcassets; sourceTree = "<group>"; };
		F2B474DE2B55AA8800EBC356 /* Base */ = {isa = PBXFileReference; lastKnownFileType = file.storyboard; name = Base; path = Base.lproj/LaunchScreen.storyboard; sourceTree = "<group>"; };
		F2B474E02B55AA8800EBC356 /* Info.plist */ = {isa = PBXFileReference; lastKnownFileType = text.plist.xml; path = Info.plist; sourceTree = "<group>"; };
		F2B474F22B55ACA900EBC356 /* HomeVC.swift */ = {isa = PBXFileReference; lastKnownFileType = sourcecode.swift; path = HomeVC.swift; sourceTree = "<group>"; };
		F2B474F42B55ACB500EBC356 /* HomeVM.swift */ = {isa = PBXFileReference; lastKnownFileType = sourcecode.swift; path = HomeVM.swift; sourceTree = "<group>"; };
		F2B474F72B55ADD600EBC356 /* Combine+CancelBag.swift */ = {isa = PBXFileReference; lastKnownFileType = sourcecode.swift; path = "Combine+CancelBag.swift"; sourceTree = "<group>"; };
		F2B474F92B55AE1100EBC356 /* NSObject+Identifier.swift */ = {isa = PBXFileReference; lastKnownFileType = sourcecode.swift; path = "NSObject+Identifier.swift"; sourceTree = "<group>"; };
		F2B474FB2B55AE3000EBC356 /* UIApplication+TopMostViewController.swift */ = {isa = PBXFileReference; lastKnownFileType = sourcecode.swift; path = "UIApplication+TopMostViewController.swift"; sourceTree = "<group>"; };
		F2B474FE2B55B7D000EBC356 /* TabBarController.swift */ = {isa = PBXFileReference; lastKnownFileType = sourcecode.swift; path = TabBarController.swift; sourceTree = "<group>"; };
		F2B475002B55B96700EBC356 /* UIColor+Ext.swift */ = {isa = PBXFileReference; lastKnownFileType = sourcecode.swift; path = "UIColor+Ext.swift"; sourceTree = "<group>"; };
		F2B475032B564A8A00EBC356 /* HomeContentCell.swift */ = {isa = PBXFileReference; lastKnownFileType = sourcecode.swift; path = HomeContentCell.swift; sourceTree = "<group>"; };
		F2B475062B564D9800EBC356 /* HomeContent.swift */ = {isa = PBXFileReference; lastKnownFileType = sourcecode.swift; path = HomeContent.swift; sourceTree = "<group>"; };
		F2B4750A2B56571000EBC356 /* UICollectionView+TwoColumnLayout.swift */ = {isa = PBXFileReference; lastKnownFileType = sourcecode.swift; path = "UICollectionView+TwoColumnLayout.swift"; sourceTree = "<group>"; };
		F2B475332B569EF800EBC356 /* Networking.framework */ = {isa = PBXFileReference; explicitFileType = wrapper.framework; path = Networking.framework; sourceTree = BUILT_PRODUCTS_DIR; };
		F2B4753F2B569FF500EBC356 /* AnimalRequest.swift */ = {isa = PBXFileReference; lastKnownFileType = sourcecode.swift; path = AnimalRequest.swift; sourceTree = "<group>"; };
		F2B475422B56A07E00EBC356 /* NetworkConfiguration.swift */ = {isa = PBXFileReference; lastKnownFileType = sourcecode.swift; path = NetworkConfiguration.swift; sourceTree = "<group>"; };
		F2B475472B56A24300EBC356 /* AnimalResponse.swift */ = {isa = PBXFileReference; lastKnownFileType = sourcecode.swift; path = AnimalResponse.swift; sourceTree = "<group>"; };
		F2B4754B2B56A54800EBC356 /* AnimalRepository.swift */ = {isa = PBXFileReference; lastKnownFileType = sourcecode.swift; path = AnimalRepository.swift; sourceTree = "<group>"; };
		F2B4754E2B56A66300EBC356 /* HomeUseCase.swift */ = {isa = PBXFileReference; lastKnownFileType = sourcecode.swift; path = HomeUseCase.swift; sourceTree = "<group>"; };
		F2B475502B56AA1D00EBC356 /* ImageRepository.swift */ = {isa = PBXFileReference; lastKnownFileType = sourcecode.swift; path = ImageRepository.swift; sourceTree = "<group>"; };
		F2B475522B56AA8A00EBC356 /* ImageResponse.swift */ = {isa = PBXFileReference; lastKnownFileType = sourcecode.swift; path = ImageResponse.swift; sourceTree = "<group>"; };
		F2B475542B56AB6C00EBC356 /* ImageRequest.swift */ = {isa = PBXFileReference; lastKnownFileType = sourcecode.swift; path = ImageRequest.swift; sourceTree = "<group>"; };
		F2B475562B56AC4B00EBC356 /* Image.swift */ = {isa = PBXFileReference; lastKnownFileType = sourcecode.swift; path = Image.swift; sourceTree = "<group>"; };
		F2B475592B56C72100EBC356 /* DetailVC.swift */ = {isa = PBXFileReference; lastKnownFileType = sourcecode.swift; path = DetailVC.swift; sourceTree = "<group>"; };
		F2B4755B2B56C72700EBC356 /* DetailVM.swift */ = {isa = PBXFileReference; lastKnownFileType = sourcecode.swift; path = DetailVM.swift; sourceTree = "<group>"; };
		F2B475602B577C0B00EBC356 /* DetailUseCase.swift */ = {isa = PBXFileReference; lastKnownFileType = sourcecode.swift; path = DetailUseCase.swift; sourceTree = "<group>"; };
		F2B475632B577EDE00EBC356 /* ImagesRequest.swift */ = {isa = PBXFileReference; lastKnownFileType = sourcecode.swift; path = ImagesRequest.swift; sourceTree = "<group>"; };
		F2B475662B57839F00EBC356 /* DetailContentCell.swift */ = {isa = PBXFileReference; lastKnownFileType = sourcecode.swift; path = DetailContentCell.swift; sourceTree = "<group>"; };
/* End PBXFileReference section */

/* Begin PBXFrameworksBuildPhase section */
		F2137FEE2B597A4F000EA734 /* Frameworks */ = {
			isa = PBXFrameworksBuildPhase;
			buildActionMask = 2147483647;
			files = (
			);
			runOnlyForDeploymentPostprocessing = 0;
		};
		F2B474C92B55AA8600EBC356 /* Frameworks */ = {
			isa = PBXFrameworksBuildPhase;
			buildActionMask = 2147483647;
			files = (
				F2B475342B569EF800EBC356 /* Networking.framework in Frameworks */,
				1773473A989E1BDE1578B14F /* Pods_Animals.framework in Frameworks */,
			);
			runOnlyForDeploymentPostprocessing = 0;
		};
/* End PBXFrameworksBuildPhase section */

/* Begin PBXGroup section */
		2438E79EADA88596C341C7DF /* Frameworks */ = {
			isa = PBXGroup;
			children = (
				F2B475332B569EF800EBC356 /* Networking.framework */,
				E52809C62811678E4A9CEBBB /* Pods_Animals.framework */,
			);
			name = Frameworks;
			sourceTree = "<group>";
		};
		33DF2C04AC974376EBE4C9C3 /* Pods */ = {
			isa = PBXGroup;
			children = (
				34D8812FD3CD1318A5E09E9B /* Pods-Animals.debug.xcconfig */,
				7B5CFFEF83F518C67BACE525 /* Pods-Animals.release.xcconfig */,
			);
			path = Pods;
			sourceTree = "<group>";
		};
		F2137FB82B58DC3D000EA734 /* Presentation */ = {
			isa = PBXGroup;
			children = (
				F2137FBB2B58DC77000EA734 /* FavoriteVC.swift */,
				F2137FBD2B58DC7E000EA734 /* FavoriteVM.swift */,
			);
			path = Presentation;
			sourceTree = "<group>";
		};
		F2137FB92B58DC44000EA734 /* Domain */ = {
			isa = PBXGroup;
			children = (
				F2137FFA2B597B38000EA734 /* Entities */,
				F2137FE82B58FF20000EA734 /* UseCases */,
			);
			path = Domain;
			sourceTree = "<group>";
		};
		F2137FBA2B58DC5B000EA734 /* Data */ = {
			isa = PBXGroup;
			children = (
				F2137FBF2B58F90C000EA734 /* Repositories */,
			);
			path = Data;
			sourceTree = "<group>";
		};
		F2137FBF2B58F90C000EA734 /* Repositories */ = {
			isa = PBXGroup;
			children = (
				F2137FC02B58F920000EA734 /* FavoriteRepository.swift */,
			);
			path = Repositories;
			sourceTree = "<group>";
		};
		F2137FE82B58FF20000EA734 /* UseCases */ = {
			isa = PBXGroup;
			children = (
				F2137FE92B58FF30000EA734 /* FavoriteUseCase.swift */,
			);
			path = UseCases;
			sourceTree = "<group>";
		};
		F2137FF22B597A4F000EA734 /* AnimalsTests */ = {
			isa = PBXGroup;
			children = (
				F21380072B598BEE000EA734 /* XCTestCase+Wait.swift */,
				F21380042B598361000EA734 /* Home */,
			);
			path = AnimalsTests;
			sourceTree = "<group>";
		};
		F2137FFA2B597B38000EA734 /* Entities */ = {
			isa = PBXGroup;
			children = (
				F2137FFB2B597B38000EA734 /* ImageCoreDataEntity+CoreDataClass.swift */,
				F2137FFC2B597B38000EA734 /* ImageCoreData.xcdatamodeld */,
				F2137FFE2B597B38000EA734 /* ImageCoreDataEntity+CoreDataProperties.swift */,
			);
			path = Entities;
			sourceTree = "<group>";
		};
		F21380042B598361000EA734 /* Home */ = {
			isa = PBXGroup;
			children = (
				F21380022B597DB2000EA734 /* HomeTests.swift */,
				F21380052B5983A2000EA734 /* HomeUseCaseMock.swift */,
			);
			path = Home;
			sourceTree = "<group>";
		};
		F2B474C32B55AA8600EBC356 = {
			isa = PBXGroup;
			children = (
				F2B474CE2B55AA8600EBC356 /* Animals */,
				F2137FF22B597A4F000EA734 /* AnimalsTests */,
				F2B474CD2B55AA8600EBC356 /* Products */,
				33DF2C04AC974376EBE4C9C3 /* Pods */,
				2438E79EADA88596C341C7DF /* Frameworks */,
			);
			sourceTree = "<group>";
		};
		F2B474CD2B55AA8600EBC356 /* Products */ = {
			isa = PBXGroup;
			children = (
				F2B474CC2B55AA8600EBC356 /* Animals.app */,
				F2137FF12B597A4F000EA734 /* AnimalsTests.xctest */,
			);
			name = Products;
			sourceTree = "<group>";
		};
		F2B474CE2B55AA8600EBC356 /* Animals */ = {
			isa = PBXGroup;
			children = (
				F2B474E72B55ABB200EBC356 /* SuportedFiles */,
				F2B474E62B55AB8700EBC356 /* Application */,
				F2B474F62B55ADCB00EBC356 /* Shared */,
				F2B474EA2B55AC0600EBC356 /* Modules */,
				F2B474DB2B55AA8800EBC356 /* Assets.xcassets */,
			);
			path = Animals;
			sourceTree = "<group>";
		};
		F2B474E62B55AB8700EBC356 /* Application */ = {
			isa = PBXGroup;
			children = (
				F2B475412B56A06000EBC356 /* Networking */,
				F2B474CF2B55AA8600EBC356 /* AppDelegate.swift */,
				F2B474D12B55AA8600EBC356 /* SceneDelegate.swift */,
			);
			path = Application;
			sourceTree = "<group>";
		};
		F2B474E72B55ABB200EBC356 /* SuportedFiles */ = {
			isa = PBXGroup;
			children = (
				F2B474DD2B55AA8800EBC356 /* LaunchScreen.storyboard */,
				F2B474E02B55AA8800EBC356 /* Info.plist */,
			);
			path = SuportedFiles;
			sourceTree = "<group>";
		};
		F2B474EA2B55AC0600EBC356 /* Modules */ = {
			isa = PBXGroup;
			children = (
				F2B474FD2B55B7BC00EBC356 /* TabBar */,
				F2B474ED2B55AC6500EBC356 /* Favorites */,
				F2B474EC2B55AC6000EBC356 /* Details */,
				F2B474EB2B55AC5B00EBC356 /* Home */,
			);
			path = Modules;
			sourceTree = "<group>";
		};
		F2B474EB2B55AC5B00EBC356 /* Home */ = {
			isa = PBXGroup;
			children = (
				F2B474F02B55AC8100EBC356 /* Data */,
				F2B474EF2B55AC7B00EBC356 /* Domain */,
				F2B474EE2B55AC7200EBC356 /* Presentation */,
			);
			path = Home;
			sourceTree = "<group>";
		};
		F2B474EC2B55AC6000EBC356 /* Details */ = {
			isa = PBXGroup;
			children = (
				F2B4755D2B577BF600EBC356 /* Data */,
				F2B4755E2B577BFA00EBC356 /* Domain */,
				F2B475582B56C71400EBC356 /* Presentation */,
			);
			path = Details;
			sourceTree = "<group>";
		};
		F2B474ED2B55AC6500EBC356 /* Favorites */ = {
			isa = PBXGroup;
			children = (
				F2137FBA2B58DC5B000EA734 /* Data */,
				F2137FB92B58DC44000EA734 /* Domain */,
				F2137FB82B58DC3D000EA734 /* Presentation */,
			);
			path = Favorites;
			sourceTree = "<group>";
		};
		F2B474EE2B55AC7200EBC356 /* Presentation */ = {
			isa = PBXGroup;
			children = (
				F2B474F22B55ACA900EBC356 /* HomeVC.swift */,
				F2B474F42B55ACB500EBC356 /* HomeVM.swift */,
				F2B475022B564A7C00EBC356 /* Views */,
			);
			path = Presentation;
			sourceTree = "<group>";
		};
		F2B474EF2B55AC7B00EBC356 /* Domain */ = {
			isa = PBXGroup;
			children = (
				F2B4754D2B56A65A00EBC356 /* UseCases */,
				F2B475052B564D7700EBC356 /* Entities */,
			);
			path = Domain;
			sourceTree = "<group>";
		};
		F2B474F02B55AC8100EBC356 /* Data */ = {
			isa = PBXGroup;
			children = (
				F2B4754A2B56A53200EBC356 /* Repositories */,
				F2B475442B56A22A00EBC356 /* Responses */,
				F2B4753E2B569FEB00EBC356 /* Requests */,
			);
			path = Data;
			sourceTree = "<group>";
		};
		F2B474F62B55ADCB00EBC356 /* Shared */ = {
			isa = PBXGroup;
			children = (
				F2B474F72B55ADD600EBC356 /* Combine+CancelBag.swift */,
				F2B474F92B55AE1100EBC356 /* NSObject+Identifier.swift */,
				F2B474FB2B55AE3000EBC356 /* UIApplication+TopMostViewController.swift */,
				F2B475002B55B96700EBC356 /* UIColor+Ext.swift */,
				F2B4750A2B56571000EBC356 /* UICollectionView+TwoColumnLayout.swift */,
			);
			path = Shared;
			sourceTree = "<group>";
		};
		F2B474FD2B55B7BC00EBC356 /* TabBar */ = {
			isa = PBXGroup;
			children = (
				F2B474FE2B55B7D000EBC356 /* TabBarController.swift */,
			);
			path = TabBar;
			sourceTree = "<group>";
		};
		F2B475022B564A7C00EBC356 /* Views */ = {
			isa = PBXGroup;
			children = (
				F2B475032B564A8A00EBC356 /* HomeContentCell.swift */,
			);
			path = Views;
			sourceTree = "<group>";
		};
		F2B475052B564D7700EBC356 /* Entities */ = {
			isa = PBXGroup;
			children = (
				F2B475062B564D9800EBC356 /* HomeContent.swift */,
				F2B475562B56AC4B00EBC356 /* Image.swift */,
			);
			path = Entities;
			sourceTree = "<group>";
		};
		F2B4753E2B569FEB00EBC356 /* Requests */ = {
			isa = PBXGroup;
			children = (
				F2B4753F2B569FF500EBC356 /* AnimalRequest.swift */,
				F2B475542B56AB6C00EBC356 /* ImageRequest.swift */,
				F2B475632B577EDE00EBC356 /* ImagesRequest.swift */,
			);
			path = Requests;
			sourceTree = "<group>";
		};
		F2B475412B56A06000EBC356 /* Networking */ = {
			isa = PBXGroup;
			children = (
				F2B475422B56A07E00EBC356 /* NetworkConfiguration.swift */,
			);
			path = Networking;
			sourceTree = "<group>";
		};
		F2B475442B56A22A00EBC356 /* Responses */ = {
			isa = PBXGroup;
			children = (
				F2B475472B56A24300EBC356 /* AnimalResponse.swift */,
				F2B475522B56AA8A00EBC356 /* ImageResponse.swift */,
			);
			path = Responses;
			sourceTree = "<group>";
		};
		F2B4754A2B56A53200EBC356 /* Repositories */ = {
			isa = PBXGroup;
			children = (
				F2B4754B2B56A54800EBC356 /* AnimalRepository.swift */,
				F2B475502B56AA1D00EBC356 /* ImageRepository.swift */,
			);
			path = Repositories;
			sourceTree = "<group>";
		};
		F2B4754D2B56A65A00EBC356 /* UseCases */ = {
			isa = PBXGroup;
			children = (
				F2B4754E2B56A66300EBC356 /* HomeUseCase.swift */,
			);
			path = UseCases;
			sourceTree = "<group>";
		};
		F2B475582B56C71400EBC356 /* Presentation */ = {
			isa = PBXGroup;
			children = (
				F2B475592B56C72100EBC356 /* DetailVC.swift */,
				F2B4755B2B56C72700EBC356 /* DetailVM.swift */,
				F2B475652B57839000EBC356 /* Views */,
			);
			path = Presentation;
			sourceTree = "<group>";
		};
		F2B4755D2B577BF600EBC356 /* Data */ = {
			isa = PBXGroup;
			children = (
			);
			path = Data;
			sourceTree = "<group>";
		};
		F2B4755E2B577BFA00EBC356 /* Domain */ = {
			isa = PBXGroup;
			children = (
				F2B4755F2B577C0100EBC356 /* UseCases */,
			);
			path = Domain;
			sourceTree = "<group>";
		};
		F2B4755F2B577C0100EBC356 /* UseCases */ = {
			isa = PBXGroup;
			children = (
				F2B475602B577C0B00EBC356 /* DetailUseCase.swift */,
			);
			path = UseCases;
			sourceTree = "<group>";
		};
		F2B475652B57839000EBC356 /* Views */ = {
			isa = PBXGroup;
			children = (
				F2B475662B57839F00EBC356 /* DetailContentCell.swift */,
			);
			path = Views;
			sourceTree = "<group>";
		};
/* End PBXGroup section */

/* Begin PBXNativeTarget section */
		F2137FF02B597A4F000EA734 /* AnimalsTests */ = {
			isa = PBXNativeTarget;
			buildConfigurationList = F2137FF72B597A4F000EA734 /* Build configuration list for PBXNativeTarget "AnimalsTests" */;
			buildPhases = (
				F2137FED2B597A4F000EA734 /* Sources */,
				F2137FEE2B597A4F000EA734 /* Frameworks */,
				F2137FEF2B597A4F000EA734 /* Resources */,
			);
			buildRules = (
			);
			dependencies = (
				F2137FF62B597A4F000EA734 /* PBXTargetDependency */,
			);
			name = AnimalsTests;
			productName = AnimalsTests;
			productReference = F2137FF12B597A4F000EA734 /* AnimalsTests.xctest */;
			productType = "com.apple.product-type.bundle.unit-test";
		};
		F2B474CB2B55AA8600EBC356 /* Animals */ = {
			isa = PBXNativeTarget;
			buildConfigurationList = F2B474E32B55AA8800EBC356 /* Build configuration list for PBXNativeTarget "Animals" */;
			buildPhases = (
				88DAE5E97AB1B329E9F3ED59 /* [CP] Check Pods Manifest.lock */,
				F2B474C82B55AA8600EBC356 /* Sources */,
				F2B474C92B55AA8600EBC356 /* Frameworks */,
				F2B474CA2B55AA8600EBC356 /* Resources */,
				0A1F9DC37F96742DBFD0AED2 /* [CP] Embed Pods Frameworks */,
				F2B4751E2B569CEF00EBC356 /* Embed Frameworks */,
			);
			buildRules = (
			);
			dependencies = (
			);
			name = Animals;
			productName = Animals;
			productReference = F2B474CC2B55AA8600EBC356 /* Animals.app */;
			productType = "com.apple.product-type.application";
		};
/* End PBXNativeTarget section */

/* Begin PBXProject section */
		F2B474C42B55AA8600EBC356 /* Project object */ = {
			isa = PBXProject;
			attributes = {
				BuildIndependentTargetsInParallel = 1;
				LastSwiftUpdateCheck = 1520;
				LastUpgradeCheck = 1520;
				TargetAttributes = {
					F2137FF02B597A4F000EA734 = {
						CreatedOnToolsVersion = 15.2;
						TestTargetID = F2B474CB2B55AA8600EBC356;
					};
					F2B474CB2B55AA8600EBC356 = {
						CreatedOnToolsVersion = 15.2;
					};
				};
			};
			buildConfigurationList = F2B474C72B55AA8600EBC356 /* Build configuration list for PBXProject "Animals" */;
			compatibilityVersion = "Xcode 14.0";
			developmentRegion = en;
			hasScannedForEncodings = 0;
			knownRegions = (
				en,
				Base,
			);
			mainGroup = F2B474C32B55AA8600EBC356;
			productRefGroup = F2B474CD2B55AA8600EBC356 /* Products */;
			projectDirPath = "";
			projectRoot = "";
			targets = (
				F2B474CB2B55AA8600EBC356 /* Animals */,
				F2137FF02B597A4F000EA734 /* AnimalsTests */,
			);
		};
/* End PBXProject section */

/* Begin PBXResourcesBuildPhase section */
		F2137FEF2B597A4F000EA734 /* Resources */ = {
			isa = PBXResourcesBuildPhase;
			buildActionMask = 2147483647;
			files = (
			);
			runOnlyForDeploymentPostprocessing = 0;
		};
		F2B474CA2B55AA8600EBC356 /* Resources */ = {
			isa = PBXResourcesBuildPhase;
			buildActionMask = 2147483647;
			files = (
				F2B474DF2B55AA8800EBC356 /* LaunchScreen.storyboard in Resources */,
				F2B474DC2B55AA8800EBC356 /* Assets.xcassets in Resources */,
			);
			runOnlyForDeploymentPostprocessing = 0;
		};
/* End PBXResourcesBuildPhase section */

/* Begin PBXShellScriptBuildPhase section */
		0A1F9DC37F96742DBFD0AED2 /* [CP] Embed Pods Frameworks */ = {
			isa = PBXShellScriptBuildPhase;
			buildActionMask = 2147483647;
			files = (
			);
			inputFileListPaths = (
				"${PODS_ROOT}/Target Support Files/Pods-Animals/Pods-Animals-frameworks-${CONFIGURATION}-input-files.xcfilelist",
			);
			name = "[CP] Embed Pods Frameworks";
			outputFileListPaths = (
				"${PODS_ROOT}/Target Support Files/Pods-Animals/Pods-Animals-frameworks-${CONFIGURATION}-output-files.xcfilelist",
			);
			runOnlyForDeploymentPostprocessing = 0;
			shellPath = /bin/sh;
			shellScript = "\"${PODS_ROOT}/Target Support Files/Pods-Animals/Pods-Animals-frameworks.sh\"\n";
			showEnvVarsInLog = 0;
		};
		88DAE5E97AB1B329E9F3ED59 /* [CP] Check Pods Manifest.lock */ = {
			isa = PBXShellScriptBuildPhase;
			buildActionMask = 2147483647;
			files = (
			);
			inputFileListPaths = (
			);
			inputPaths = (
				"${PODS_PODFILE_DIR_PATH}/Podfile.lock",
				"${PODS_ROOT}/Manifest.lock",
			);
			name = "[CP] Check Pods Manifest.lock";
			outputFileListPaths = (
			);
			outputPaths = (
				"$(DERIVED_FILE_DIR)/Pods-Animals-checkManifestLockResult.txt",
			);
			runOnlyForDeploymentPostprocessing = 0;
			shellPath = /bin/sh;
			shellScript = "diff \"${PODS_PODFILE_DIR_PATH}/Podfile.lock\" \"${PODS_ROOT}/Manifest.lock\" > /dev/null\nif [ $? != 0 ] ; then\n    # print error to STDERR\n    echo \"error: The sandbox is not in sync with the Podfile.lock. Run 'pod install' or update your CocoaPods installation.\" >&2\n    exit 1\nfi\n# This output is used by Xcode 'outputs' to avoid re-running this script phase.\necho \"SUCCESS\" > \"${SCRIPT_OUTPUT_FILE_0}\"\n";
			showEnvVarsInLog = 0;
		};
/* End PBXShellScriptBuildPhase section */

/* Begin PBXSourcesBuildPhase section */
		F2137FED2B597A4F000EA734 /* Sources */ = {
			isa = PBXSourcesBuildPhase;
			buildActionMask = 2147483647;
			files = (
				F21380062B5983A2000EA734 /* HomeUseCaseMock.swift in Sources */,
				F21380032B597DB2000EA734 /* HomeTests.swift in Sources */,
				F21380082B598BEE000EA734 /* XCTestCase+Wait.swift in Sources */,
			);
			runOnlyForDeploymentPostprocessing = 0;
		};
		F2B474C82B55AA8600EBC356 /* Sources */ = {
			isa = PBXSourcesBuildPhase;
			buildActionMask = 2147483647;
			files = (
				F2B475552B56AB6C00EBC356 /* ImageRequest.swift in Sources */,
				F2137FBC2B58DC77000EA734 /* FavoriteVC.swift in Sources */,
				F2B475572B56AC4B00EBC356 /* Image.swift in Sources */,
				F2B474F32B55ACA900EBC356 /* HomeVC.swift in Sources */,
				F2137FBE2B58DC7E000EA734 /* FavoriteVM.swift in Sources */,
				F2B475532B56AA8A00EBC356 /* ImageResponse.swift in Sources */,
				F2B4755A2B56C72100EBC356 /* DetailVC.swift in Sources */,
				F2B474FA2B55AE1100EBC356 /* NSObject+Identifier.swift in Sources */,
				F2B475042B564A8A00EBC356 /* HomeContentCell.swift in Sources */,
				F21380012B597B38000EA734 /* ImageCoreDataEntity+CoreDataProperties.swift in Sources */,
				F2B474F52B55ACB500EBC356 /* HomeVM.swift in Sources */,
				F2B475612B577C0B00EBC356 /* DetailUseCase.swift in Sources */,
				F2137FEA2B58FF30000EA734 /* FavoriteUseCase.swift in Sources */,
				F2B474FF2B55B7D000EBC356 /* TabBarController.swift in Sources */,
				F2B475072B564D9800EBC356 /* HomeContent.swift in Sources */,
				F2B475642B577EDE00EBC356 /* ImagesRequest.swift in Sources */,
				F2B475512B56AA1D00EBC356 /* ImageRepository.swift in Sources */,
				F2B475482B56A24300EBC356 /* AnimalResponse.swift in Sources */,
				F2B475432B56A07E00EBC356 /* NetworkConfiguration.swift in Sources */,
				F2137FC12B58F920000EA734 /* FavoriteRepository.swift in Sources */,
				F2B4755C2B56C72700EBC356 /* DetailVM.swift in Sources */,
				F2B474F82B55ADD600EBC356 /* Combine+CancelBag.swift in Sources */,
				F2B4754C2B56A54800EBC356 /* AnimalRepository.swift in Sources */,
				F2B4750B2B56571000EBC356 /* UICollectionView+TwoColumnLayout.swift in Sources */,
				F2B475672B57839F00EBC356 /* DetailContentCell.swift in Sources */,
				F21380002B597B38000EA734 /* ImageCoreData.xcdatamodeld in Sources */,
				F2B4754F2B56A66300EBC356 /* HomeUseCase.swift in Sources */,
				F2B474D02B55AA8600EBC356 /* AppDelegate.swift in Sources */,
				F2B474FC2B55AE3000EBC356 /* UIApplication+TopMostViewController.swift in Sources */,
				F2B474D22B55AA8600EBC356 /* SceneDelegate.swift in Sources */,
				F2B475402B569FF500EBC356 /* AnimalRequest.swift in Sources */,
				F2137FFF2B597B38000EA734 /* ImageCoreDataEntity+CoreDataClass.swift in Sources */,
				F2B475012B55B96700EBC356 /* UIColor+Ext.swift in Sources */,
			);
			runOnlyForDeploymentPostprocessing = 0;
		};
/* End PBXSourcesBuildPhase section */

/* Begin PBXTargetDependency section */
		F2137FF62B597A4F000EA734 /* PBXTargetDependency */ = {
			isa = PBXTargetDependency;
			target = F2B474CB2B55AA8600EBC356 /* Animals */;
			targetProxy = F2137FF52B597A4F000EA734 /* PBXContainerItemProxy */;
		};
/* End PBXTargetDependency section */

/* Begin PBXVariantGroup section */
		F2B474DD2B55AA8800EBC356 /* LaunchScreen.storyboard */ = {
			isa = PBXVariantGroup;
			children = (
				F2B474DE2B55AA8800EBC356 /* Base */,
			);
			name = LaunchScreen.storyboard;
			sourceTree = "<group>";
		};
/* End PBXVariantGroup section */

/* Begin XCBuildConfiguration section */
		F2137FF82B597A4F000EA734 /* Debug */ = {
			isa = XCBuildConfiguration;
			buildSettings = {
				BUNDLE_LOADER = "$(TEST_HOST)";
				CODE_SIGN_STYLE = Automatic;
				CURRENT_PROJECT_VERSION = 1;
				DEVELOPMENT_TEAM = RMQNS23DVX;
				ENABLE_USER_SCRIPT_SANDBOXING = YES;
				GENERATE_INFOPLIST_FILE = YES;
				MARKETING_VERSION = 1.0;
				PRODUCT_BUNDLE_IDENTIFIER = mike.AnimalsTests;
				PRODUCT_NAME = "$(TARGET_NAME)";
				SWIFT_EMIT_LOC_STRINGS = NO;
				SWIFT_VERSION = 5.0;
				TARGETED_DEVICE_FAMILY = "1,2";
				TEST_HOST = "$(BUILT_PRODUCTS_DIR)/Animals.app/$(BUNDLE_EXECUTABLE_FOLDER_PATH)/Animals";
			};
			name = Debug;
		};
		F2137FF92B597A4F000EA734 /* Release */ = {
			isa = XCBuildConfiguration;
			buildSettings = {
				BUNDLE_LOADER = "$(TEST_HOST)";
				CODE_SIGN_STYLE = Automatic;
				CURRENT_PROJECT_VERSION = 1;
				DEVELOPMENT_TEAM = RMQNS23DVX;
				ENABLE_USER_SCRIPT_SANDBOXING = YES;
				GENERATE_INFOPLIST_FILE = YES;
				MARKETING_VERSION = 1.0;
				PRODUCT_BUNDLE_IDENTIFIER = mike.AnimalsTests;
				PRODUCT_NAME = "$(TARGET_NAME)";
				SWIFT_EMIT_LOC_STRINGS = NO;
				SWIFT_VERSION = 5.0;
				TARGETED_DEVICE_FAMILY = "1,2";
				TEST_HOST = "$(BUILT_PRODUCTS_DIR)/Animals.app/$(BUNDLE_EXECUTABLE_FOLDER_PATH)/Animals";
			};
			name = Release;
		};
		F2B474E12B55AA8800EBC356 /* Debug */ = {
			isa = XCBuildConfiguration;
			buildSettings = {
				ALWAYS_SEARCH_USER_PATHS = NO;
				ASSETCATALOG_COMPILER_GENERATE_SWIFT_ASSET_SYMBOL_EXTENSIONS = YES;
				CLANG_ANALYZER_NONNULL = YES;
				CLANG_ANALYZER_NUMBER_OBJECT_CONVERSION = YES_AGGRESSIVE;
				CLANG_CXX_LANGUAGE_STANDARD = "gnu++20";
				CLANG_ENABLE_MODULES = YES;
				CLANG_ENABLE_OBJC_ARC = YES;
				CLANG_ENABLE_OBJC_WEAK = YES;
				CLANG_WARN_BLOCK_CAPTURE_AUTORELEASING = YES;
				CLANG_WARN_BOOL_CONVERSION = YES;
				CLANG_WARN_COMMA = YES;
				CLANG_WARN_CONSTANT_CONVERSION = YES;
				CLANG_WARN_DEPRECATED_OBJC_IMPLEMENTATIONS = YES;
				CLANG_WARN_DIRECT_OBJC_ISA_USAGE = YES_ERROR;
				CLANG_WARN_DOCUMENTATION_COMMENTS = YES;
				CLANG_WARN_EMPTY_BODY = YES;
				CLANG_WARN_ENUM_CONVERSION = YES;
				CLANG_WARN_INFINITE_RECURSION = YES;
				CLANG_WARN_INT_CONVERSION = YES;
				CLANG_WARN_NON_LITERAL_NULL_CONVERSION = YES;
				CLANG_WARN_OBJC_IMPLICIT_RETAIN_SELF = YES;
				CLANG_WARN_OBJC_LITERAL_CONVERSION = YES;
				CLANG_WARN_OBJC_ROOT_CLASS = YES_ERROR;
				CLANG_WARN_QUOTED_INCLUDE_IN_FRAMEWORK_HEADER = YES;
				CLANG_WARN_RANGE_LOOP_ANALYSIS = YES;
				CLANG_WARN_STRICT_PROTOTYPES = YES;
				CLANG_WARN_SUSPICIOUS_MOVE = YES;
				CLANG_WARN_UNGUARDED_AVAILABILITY = YES_AGGRESSIVE;
				CLANG_WARN_UNREACHABLE_CODE = YES;
				CLANG_WARN__DUPLICATE_METHOD_MATCH = YES;
				COPY_PHASE_STRIP = NO;
				DEBUG_INFORMATION_FORMAT = dwarf;
				ENABLE_STRICT_OBJC_MSGSEND = YES;
				ENABLE_TESTABILITY = YES;
				ENABLE_USER_SCRIPT_SANDBOXING = NO;
				GCC_C_LANGUAGE_STANDARD = gnu17;
				GCC_DYNAMIC_NO_PIC = NO;
				GCC_NO_COMMON_BLOCKS = YES;
				GCC_OPTIMIZATION_LEVEL = 0;
				GCC_PREPROCESSOR_DEFINITIONS = (
					"DEBUG=1",
					"$(inherited)",
				);
				GCC_WARN_64_TO_32_BIT_CONVERSION = YES;
				GCC_WARN_ABOUT_RETURN_TYPE = YES_ERROR;
				GCC_WARN_UNDECLARED_SELECTOR = YES;
				GCC_WARN_UNINITIALIZED_AUTOS = YES_AGGRESSIVE;
				GCC_WARN_UNUSED_FUNCTION = YES;
				GCC_WARN_UNUSED_VARIABLE = YES;
				IPHONEOS_DEPLOYMENT_TARGET = 17.2;
				LOCALIZATION_PREFERS_STRING_CATALOGS = YES;
				MTL_ENABLE_DEBUG_INFO = INCLUDE_SOURCE;
				MTL_FAST_MATH = YES;
				ONLY_ACTIVE_ARCH = YES;
				SDKROOT = iphoneos;
				SWIFT_ACTIVE_COMPILATION_CONDITIONS = "DEBUG $(inherited)";
				SWIFT_OPTIMIZATION_LEVEL = "-Onone";
			};
			name = Debug;
		};
		F2B474E22B55AA8800EBC356 /* Release */ = {
			isa = XCBuildConfiguration;
			buildSettings = {
				ALWAYS_SEARCH_USER_PATHS = NO;
				ASSETCATALOG_COMPILER_GENERATE_SWIFT_ASSET_SYMBOL_EXTENSIONS = YES;
				CLANG_ANALYZER_NONNULL = YES;
				CLANG_ANALYZER_NUMBER_OBJECT_CONVERSION = YES_AGGRESSIVE;
				CLANG_CXX_LANGUAGE_STANDARD = "gnu++20";
				CLANG_ENABLE_MODULES = YES;
				CLANG_ENABLE_OBJC_ARC = YES;
				CLANG_ENABLE_OBJC_WEAK = YES;
				CLANG_WARN_BLOCK_CAPTURE_AUTORELEASING = YES;
				CLANG_WARN_BOOL_CONVERSION = YES;
				CLANG_WARN_COMMA = YES;
				CLANG_WARN_CONSTANT_CONVERSION = YES;
				CLANG_WARN_DEPRECATED_OBJC_IMPLEMENTATIONS = YES;
				CLANG_WARN_DIRECT_OBJC_ISA_USAGE = YES_ERROR;
				CLANG_WARN_DOCUMENTATION_COMMENTS = YES;
				CLANG_WARN_EMPTY_BODY = YES;
				CLANG_WARN_ENUM_CONVERSION = YES;
				CLANG_WARN_INFINITE_RECURSION = YES;
				CLANG_WARN_INT_CONVERSION = YES;
				CLANG_WARN_NON_LITERAL_NULL_CONVERSION = YES;
				CLANG_WARN_OBJC_IMPLICIT_RETAIN_SELF = YES;
				CLANG_WARN_OBJC_LITERAL_CONVERSION = YES;
				CLANG_WARN_OBJC_ROOT_CLASS = YES_ERROR;
				CLANG_WARN_QUOTED_INCLUDE_IN_FRAMEWORK_HEADER = YES;
				CLANG_WARN_RANGE_LOOP_ANALYSIS = YES;
				CLANG_WARN_STRICT_PROTOTYPES = YES;
				CLANG_WARN_SUSPICIOUS_MOVE = YES;
				CLANG_WARN_UNGUARDED_AVAILABILITY = YES_AGGRESSIVE;
				CLANG_WARN_UNREACHABLE_CODE = YES;
				CLANG_WARN__DUPLICATE_METHOD_MATCH = YES;
				COPY_PHASE_STRIP = NO;
				DEBUG_INFORMATION_FORMAT = "dwarf-with-dsym";
				ENABLE_NS_ASSERTIONS = NO;
				ENABLE_STRICT_OBJC_MSGSEND = YES;
				ENABLE_USER_SCRIPT_SANDBOXING = NO;
				GCC_C_LANGUAGE_STANDARD = gnu17;
				GCC_NO_COMMON_BLOCKS = YES;
				GCC_WARN_64_TO_32_BIT_CONVERSION = YES;
				GCC_WARN_ABOUT_RETURN_TYPE = YES_ERROR;
				GCC_WARN_UNDECLARED_SELECTOR = YES;
				GCC_WARN_UNINITIALIZED_AUTOS = YES_AGGRESSIVE;
				GCC_WARN_UNUSED_FUNCTION = YES;
				GCC_WARN_UNUSED_VARIABLE = YES;
				IPHONEOS_DEPLOYMENT_TARGET = 17.2;
				LOCALIZATION_PREFERS_STRING_CATALOGS = YES;
				MTL_ENABLE_DEBUG_INFO = NO;
				MTL_FAST_MATH = YES;
				SDKROOT = iphoneos;
				SWIFT_COMPILATION_MODE = wholemodule;
				VALIDATE_PRODUCT = YES;
			};
			name = Release;
		};
		F2B474E42B55AA8800EBC356 /* Debug */ = {
			isa = XCBuildConfiguration;
			baseConfigurationReference = 34D8812FD3CD1318A5E09E9B /* Pods-Animals.debug.xcconfig */;
			buildSettings = {
				ASSETCATALOG_COMPILER_APPICON_NAME = AppIcon;
				ASSETCATALOG_COMPILER_GLOBAL_ACCENT_COLOR_NAME = AccentColor;
				CODE_SIGN_STYLE = Automatic;
				CURRENT_PROJECT_VERSION = 1;
				DEVELOPMENT_TEAM = RMQNS23DVX;
				GENERATE_INFOPLIST_FILE = YES;
				INFOPLIST_FILE = Animals/Info.plist;
				INFOPLIST_KEY_UIApplicationSupportsIndirectInputEvents = YES;
				INFOPLIST_KEY_UILaunchStoryboardName = LaunchScreen;
				INFOPLIST_KEY_UISupportedInterfaceOrientations_iPad = "UIInterfaceOrientationPortrait UIInterfaceOrientationPortraitUpsideDown UIInterfaceOrientationLandscapeLeft UIInterfaceOrientationLandscapeRight";
				INFOPLIST_KEY_UISupportedInterfaceOrientations_iPhone = "UIInterfaceOrientationPortrait UIInterfaceOrientationLandscapeLeft UIInterfaceOrientationLandscapeRight";
				LD_RUNPATH_SEARCH_PATHS = (
					"$(inherited)",
					"@executable_path/Frameworks",
				);
				MARKETING_VERSION = 1.0;
				PRODUCT_BUNDLE_IDENTIFIER = mike.Animals;
				PRODUCT_NAME = "$(TARGET_NAME)";
				SWIFT_EMIT_LOC_STRINGS = YES;
				SWIFT_VERSION = 5.0;
				TARGETED_DEVICE_FAMILY = "1,2";
			};
			name = Debug;
		};
		F2B474E52B55AA8800EBC356 /* Release */ = {
			isa = XCBuildConfiguration;
			baseConfigurationReference = 7B5CFFEF83F518C67BACE525 /* Pods-Animals.release.xcconfig */;
			buildSettings = {
				ASSETCATALOG_COMPILER_APPICON_NAME = AppIcon;
				ASSETCATALOG_COMPILER_GLOBAL_ACCENT_COLOR_NAME = AccentColor;
				CODE_SIGN_STYLE = Automatic;
				CURRENT_PROJECT_VERSION = 1;
				DEVELOPMENT_TEAM = RMQNS23DVX;
				GENERATE_INFOPLIST_FILE = YES;
				INFOPLIST_FILE = Animals/Info.plist;
				INFOPLIST_KEY_UIApplicationSupportsIndirectInputEvents = YES;
				INFOPLIST_KEY_UILaunchStoryboardName = LaunchScreen;
				INFOPLIST_KEY_UISupportedInterfaceOrientations_iPad = "UIInterfaceOrientationPortrait UIInterfaceOrientationPortraitUpsideDown UIInterfaceOrientationLandscapeLeft UIInterfaceOrientationLandscapeRight";
				INFOPLIST_KEY_UISupportedInterfaceOrientations_iPhone = "UIInterfaceOrientationPortrait UIInterfaceOrientationLandscapeLeft UIInterfaceOrientationLandscapeRight";
				LD_RUNPATH_SEARCH_PATHS = (
					"$(inherited)",
					"@executable_path/Frameworks",
				);
				MARKETING_VERSION = 1.0;
				PRODUCT_BUNDLE_IDENTIFIER = mike.Animals;
				PRODUCT_NAME = "$(TARGET_NAME)";
				SWIFT_EMIT_LOC_STRINGS = YES;
				SWIFT_VERSION = 5.0;
				TARGETED_DEVICE_FAMILY = "1,2";
			};
			name = Release;
		};
/* End XCBuildConfiguration section */

/* Begin XCConfigurationList section */
		F2137FF72B597A4F000EA734 /* Build configuration list for PBXNativeTarget "AnimalsTests" */ = {
			isa = XCConfigurationList;
			buildConfigurations = (
				F2137FF82B597A4F000EA734 /* Debug */,
				F2137FF92B597A4F000EA734 /* Release */,
			);
			defaultConfigurationIsVisible = 0;
			defaultConfigurationName = Release;
		};
		F2B474C72B55AA8600EBC356 /* Build configuration list for PBXProject "Animals" */ = {
			isa = XCConfigurationList;
			buildConfigurations = (
				F2B474E12B55AA8800EBC356 /* Debug */,
				F2B474E22B55AA8800EBC356 /* Release */,
			);
			defaultConfigurationIsVisible = 0;
			defaultConfigurationName = Release;
		};
		F2B474E32B55AA8800EBC356 /* Build configuration list for PBXNativeTarget "Animals" */ = {
			isa = XCConfigurationList;
			buildConfigurations = (
				F2B474E42B55AA8800EBC356 /* Debug */,
				F2B474E52B55AA8800EBC356 /* Release */,
			);
			defaultConfigurationIsVisible = 0;
			defaultConfigurationName = Release;
		};
/* End XCConfigurationList section */

/* Begin XCVersionGroup section */
		F2137FFC2B597B38000EA734 /* ImageCoreData.xcdatamodeld */ = {
			isa = XCVersionGroup;
			children = (
				F2137FFD2B597B38000EA734 /* ImageCoreData.xcdatamodel */,
			);
			currentVersion = F2137FFD2B597B38000EA734 /* ImageCoreData.xcdatamodel */;
			path = ImageCoreData.xcdatamodeld;
			sourceTree = "<group>";
			versionGroupType = wrapper.xcdatamodel;
		};
/* End XCVersionGroup section */
	};
	rootObject = F2B474C42B55AA8600EBC356 /* Project object */;
}
